
Microsoft Visual Studio Solution File, Format Version 12.00
# Visual Studio 2013
VisualStudioVersion = 12.0.30723.0
MinimumVisualStudioVersion = 10.0.40219.1
Project("{FAE04EC0-301F-11D3-BF4B-00C04F79EFBC}") = "SmartViewer", "SmartViewer\SmartViewer.csproj", "{FBE340F5-ED75-4AFA-BFCE-42BDD1794E7B}"
EndProject
Global
	GlobalSection(SolutionConfigurationPlatforms) = preSolution
		Debug|Any CPU = Debug|Any CPU
		Release|Any CPU = Release|Any CPU
	EndGlobalSection
	GlobalSection(ProjectConfigurationPlatforms) = postSolution
		{FBE340F5-ED75-4AFA-BFCE-42BDD1794E7B}.Debug|Any CPU.ActiveCfg = Debug|Any CPU
		{FBE340F5-ED75-4AFA-BFCE-42BDD1794E7B}.Debug|Any CPU.Build.0 = Debug|Any CPU
		{FBE340F5-ED75-4AFA-BFCE-42BDD1794E7B}.Release|Any CPU.ActiveCfg = Release|Any CPU
		{FBE340F5-ED75-4AFA-BFCE-42BDD1794E7B}.Release|Any CPU.Build.0 = Release|Any CPU
	EndGlobalSection
	GlobalSection(SolutionProperties) = preSolution
		HideSolutionNode = FALSE
	EndGlobalSection
EndGlobal
